
Microsoft Visual Studio Solution File, Format Version 12.00
# Visual Studio 2012
Project("{FAE04EC0-301F-11D3-BF4B-00C04F79EFBC}") = "BinaryRage", "BinaryRage.csproj", "{191D893F-7087-4E59-9AEE-5FEF4172E3FC}"
EndProject
Project("{FAE04EC0-301F-11D3-BF4B-00C04F79EFBC}") = "BinaryRage.FunctionalTests", "BinaryRage.UnitTests\BinaryRage.FunctionalTests.csproj", "{BFD737EB-0084-4B68-99A5-92B4CC33AD07}"
EndProject
Global
	GlobalSection(SolutionConfigurationPlatforms) = preSolution
		Debug|Any CPU = Debug|Any CPU
		Release|Any CPU = Release|Any CPU
	EndGlobalSection
	GlobalSection(ProjectConfigurationPlatforms) = postSolution
		{191D893F-7087-4E59-9AEE-5FEF4172E3FC}.Debug|Any CPU.ActiveCfg = Debug|Any CPU
		{191D893F-7087-4E59-9AEE-5FEF4172E3FC}.Debug|Any CPU.Build.0 = Debug|Any CPU
		{191D893F-7087-4E59-9AEE-5FEF4172E3FC}.Release|Any CPU.ActiveCfg = Release|Any CPU
		{191D893F-7087-4E59-9AEE-5FEF4172E3FC}.Release|Any CPU.Build.0 = Release|Any CPU
		{BFD737EB-0084-4B68-99A5-92B4CC33AD07}.Debug|Any CPU.ActiveCfg = Debug|Any CPU
		{BFD737EB-0084-4B68-99A5-92B4CC33AD07}.Debug|Any CPU.Build.0 = Debug|Any CPU
		{BFD737EB-0084-4B68-99A5-92B4CC33AD07}.Release|Any CPU.ActiveCfg = Release|Any CPU
		{BFD737EB-0084-4B68-99A5-92B4CC33AD07}.Release|Any CPU.Build.0 = Release|Any CPU
	EndGlobalSection
	GlobalSection(SolutionProperties) = preSolution
		HideSolutionNode = FALSE
	EndGlobalSection
EndGlobal
